// !$*UTF8*$!
{
	archiveVersion = 1;
	classes = {
	};
	objectVersion = 46;
	objects = {

/* Begin PBXBuildFile section */
		0D12F1DD1F445D7000692A78 /* ProductView.swift in Sources */ = {isa = PBXBuildFile; fileRef = 0D12F1DC1F445D7000692A78 /* ProductView.swift */; };
		0D12F1E11F44753400692A78 /* ProductContainerView.swift in Sources */ = {isa = PBXBuildFile; fileRef = 0D12F1E01F44753400692A78 /* ProductContainerView.swift */; };
		0D7D5D641F41B55A00531856 /* ReadData.swift in Sources */ = {isa = PBXBuildFile; fileRef = 0D7D5D631F41B55A00531856 /* ReadData.swift */; };
		0D7D5D661F41BC2900531856 /* GoogleService-Info.plist in Resources */ = {isa = PBXBuildFile; fileRef = 0D7D5D651F41BC2900531856 /* GoogleService-Info.plist */; };
		0D7D5D681F41D60000531856 /* Category.swift in Sources */ = {isa = PBXBuildFile; fileRef = 0D7D5D671F41D60000531856 /* Category.swift */; };
		0D7D5D6A1F41D61100531856 /* SubCategory.swift in Sources */ = {isa = PBXBuildFile; fileRef = 0D7D5D691F41D61100531856 /* SubCategory.swift */; };
		0D7D5D6C1F41D61D00531856 /* Product.swift in Sources */ = {isa = PBXBuildFile; fileRef = 0D7D5D6B1F41D61D00531856 /* Product.swift */; };
		0DDCCB781F46B79A009C8A9B /* container.png in Resources */ = {isa = PBXBuildFile; fileRef = 0DDCCB611F46B79A009C8A9B /* container.png */; };
		0DDCCB791F46B79A009C8A9B /* demoitem.png in Resources */ = {isa = PBXBuildFile; fileRef = 0DDCCB621F46B79A009C8A9B /* demoitem.png */; };
		0DDCCB7A1F46B79A009C8A9B /* gradientImage.jpg in Resources */ = {isa = PBXBuildFile; fileRef = 0DDCCB631F46B79A009C8A9B /* gradientImage.jpg */; };
		0DDCCB7B1F46B79A009C8A9B /* help.png in Resources */ = {isa = PBXBuildFile; fileRef = 0DDCCB641F46B79A009C8A9B /* help.png */; };
		0DDCCB7C1F46B79A009C8A9B /* home.png in Resources */ = {isa = PBXBuildFile; fileRef = 0DDCCB651F46B79A009C8A9B /* home.png */; };
		0DDCCB7D1F46B79A009C8A9B /* home_bg.png in Resources */ = {isa = PBXBuildFile; fileRef = 0DDCCB661F46B79A009C8A9B /* home_bg.png */; };
		0DDCCB7E1F46B79A009C8A9B /* left-arrow.png in Resources */ = {isa = PBXBuildFile; fileRef = 0DDCCB671F46B79A009C8A9B /* left-arrow.png */; };
		0DDCCB7F1F46B79A009C8A9B /* left_Arrow.png in Resources */ = {isa = PBXBuildFile; fileRef = 0DDCCB681F46B79A009C8A9B /* left_Arrow.png */; };
		0DDCCB801F46B79A009C8A9B /* leftArrow.png in Resources */ = {isa = PBXBuildFile; fileRef = 0DDCCB691F46B79A009C8A9B /* leftArrow.png */; };
		0DDCCB811F46B79A009C8A9B /* lock.png in Resources */ = {isa = PBXBuildFile; fileRef = 0DDCCB6A1F46B79A009C8A9B /* lock.png */; };
		0DDCCB821F46B79A009C8A9B /* logout.png in Resources */ = {isa = PBXBuildFile; fileRef = 0DDCCB6B1F46B79A009C8A9B /* logout.png */; };
		0DDCCB831F46B79A009C8A9B /* mail.png in Resources */ = {isa = PBXBuildFile; fileRef = 0DDCCB6C1F46B79A009C8A9B /* mail.png */; };
		0DDCCB841F46B79A009C8A9B /* no-image.png in Resources */ = {isa = PBXBuildFile; fileRef = 0DDCCB6D1F46B79A009C8A9B /* no-image.png */; };
		0DDCCB851F46B79A009C8A9B /* phone.png in Resources */ = {isa = PBXBuildFile; fileRef = 0DDCCB6E1F46B79A009C8A9B /* phone.png */; };
		0DDCCB861F46B79A009C8A9B /* receiver.png in Resources */ = {isa = PBXBuildFile; fileRef = 0DDCCB6F1F46B79A009C8A9B /* receiver.png */; };
		0DDCCB871F46B79A009C8A9B /* right-arrow.png in Resources */ = {isa = PBXBuildFile; fileRef = 0DDCCB701F46B79A009C8A9B /* right-arrow.png */; };
		0DDCCB881F46B79A009C8A9B /* right_Arrow.png in Resources */ = {isa = PBXBuildFile; fileRef = 0DDCCB711F46B79A009C8A9B /* right_Arrow.png */; };
		0DDCCB891F46B79A009C8A9B /* search.png in Resources */ = {isa = PBXBuildFile; fileRef = 0DDCCB721F46B79A009C8A9B /* search.png */; };
		0DDCCB8A1F46B79A009C8A9B /* shopping-basket-icon.png in Resources */ = {isa = PBXBuildFile; fileRef = 0DDCCB731F46B79A009C8A9B /* shopping-basket-icon.png */; };
		0DDCCB8B1F46B79A009C8A9B /* side-menu.png in Resources */ = {isa = PBXBuildFile; fileRef = 0DDCCB741F46B79A009C8A9B /* side-menu.png */; };
		0DDCCB8C1F46B79A009C8A9B /* signed_user.png in Resources */ = {isa = PBXBuildFile; fileRef = 0DDCCB751F46B79A009C8A9B /* signed_user.png */; };
		0DDCCB8D1F46B79A009C8A9B /* user.png in Resources */ = {isa = PBXBuildFile; fileRef = 0DDCCB761F46B79A009C8A9B /* user.png */; };
		0DDCCB8E1F46B79A009C8A9B /* user-icon.png in Resources */ = {isa = PBXBuildFile; fileRef = 0DDCCB771F46B79A009C8A9B /* user-icon.png */; };
		0DDCCB901F46E593009C8A9B /* User.swift in Sources */ = {isa = PBXBuildFile; fileRef = 0DDCCB8F1F46E593009C8A9B /* User.swift */; };
		0DDCCB941F472C16009C8A9B /* SearchResultViewController.swift in Sources */ = {isa = PBXBuildFile; fileRef = 0DDCCB931F472C16009C8A9B /* SearchResultViewController.swift */; };
		0DE837BF1F45B101000A5D3A /* ProductDetailView.swift in Sources */ = {isa = PBXBuildFile; fileRef = 0DE837BE1F45B101000A5D3A /* ProductDetailView.swift */; };
		0DE837C11F45BE08000A5D3A /* Login.swift in Sources */ = {isa = PBXBuildFile; fileRef = 0DE837C01F45BE08000A5D3A /* Login.swift */; };
		0DE837C31F45C8DB000A5D3A /* WriteData.swift in Sources */ = {isa = PBXBuildFile; fileRef = 0DE837C21F45C8DB000A5D3A /* WriteData.swift */; };
		0DE837C51F45DC82000A5D3A /* Util.swift in Sources */ = {isa = PBXBuildFile; fileRef = 0DE837C41F45DC82000A5D3A /* Util.swift */; };
		0DEF44521F35E4010072218D /* AppDelegate.swift in Sources */ = {isa = PBXBuildFile; fileRef = 0DEF44511F35E4010072218D /* AppDelegate.swift */; };
		0DEF44541F35E4010072218D /* ViewController.swift in Sources */ = {isa = PBXBuildFile; fileRef = 0DEF44531F35E4010072218D /* ViewController.swift */; };
		0DEF44571F35E4010072218D /* Main.storyboard in Resources */ = {isa = PBXBuildFile; fileRef = 0DEF44551F35E4010072218D /* Main.storyboard */; };
		0DEF44591F35E4010072218D /* Assets.xcassets in Resources */ = {isa = PBXBuildFile; fileRef = 0DEF44581F35E4010072218D /* Assets.xcassets */; };
		92A3830A1F3EBB6300CDB6BE /* PrecioViewController.swift in Sources */ = {isa = PBXBuildFile; fileRef = 92A383091F3EBB6300CDB6BE /* PrecioViewController.swift */; };
		92A3830E1F3EEAC000CDB6BE /* SearchViewController.swift in Sources */ = {isa = PBXBuildFile; fileRef = 92A3830D1F3EEAC000CDB6BE /* SearchViewController.swift */; };
		92A6D5D21F3C6D780033959C /* CommonClass.swift in Sources */ = {isa = PBXBuildFile; fileRef = 92A6D5D11F3C6D780033959C /* CommonClass.swift */; };
		92A6D5D61F3C85790033959C /* LoginViewController.swift in Sources */ = {isa = PBXBuildFile; fileRef = 92A6D5D51F3C85790033959C /* LoginViewController.swift */; };
		92A6D5D81F3C9F290033959C /* ProfileViewController.swift in Sources */ = {isa = PBXBuildFile; fileRef = 92A6D5D71F3C9F290033959C /* ProfileViewController.swift */; };
		92A6D5DA1F3C9F3E0033959C /* ForgotPasswordVC.swift in Sources */ = {isa = PBXBuildFile; fileRef = 92A6D5D91F3C9F3E0033959C /* ForgotPasswordVC.swift */; };
		92A727371F444A6A00C60EBB /* IQNSArray+Sort.swift in Sources */ = {isa = PBXBuildFile; fileRef = 92A727211F444A6A00C60EBB /* IQNSArray+Sort.swift */; };
		92A727381F444A6A00C60EBB /* IQUIScrollView+Additions.swift in Sources */ = {isa = PBXBuildFile; fileRef = 92A727221F444A6A00C60EBB /* IQUIScrollView+Additions.swift */; };
		92A727391F444A6A00C60EBB /* IQUITextFieldView+Additions.swift in Sources */ = {isa = PBXBuildFile; fileRef = 92A727231F444A6A00C60EBB /* IQUITextFieldView+Additions.swift */; };
		92A7273A1F444A6A00C60EBB /* IQUIView+Hierarchy.swift in Sources */ = {isa = PBXBuildFile; fileRef = 92A727241F444A6A00C60EBB /* IQUIView+Hierarchy.swift */; };
		92A7273B1F444A6A00C60EBB /* IQUIViewController+Additions.swift in Sources */ = {isa = PBXBuildFile; fileRef = 92A727251F444A6A00C60EBB /* IQUIViewController+Additions.swift */; };
		92A7273C1F444A6A00C60EBB /* IQUIWindow+Hierarchy.swift in Sources */ = {isa = PBXBuildFile; fileRef = 92A727261F444A6A00C60EBB /* IQUIWindow+Hierarchy.swift */; };
		92A7273D1F444A6A00C60EBB /* IQKeyboardManagerConstants.swift in Sources */ = {isa = PBXBuildFile; fileRef = 92A727281F444A6A00C60EBB /* IQKeyboardManagerConstants.swift */; };
		92A7273E1F444A6A00C60EBB /* IQKeyboardManagerConstantsInternal.swift in Sources */ = {isa = PBXBuildFile; fileRef = 92A727291F444A6A00C60EBB /* IQKeyboardManagerConstantsInternal.swift */; };
		92A7273F1F444A6A00C60EBB /* IQKeyboardManager.swift in Sources */ = {isa = PBXBuildFile; fileRef = 92A7272A1F444A6A00C60EBB /* IQKeyboardManager.swift */; };
		92A727401F444A6A00C60EBB /* IQKeyboardReturnKeyHandler.swift in Sources */ = {isa = PBXBuildFile; fileRef = 92A7272C1F444A6A00C60EBB /* IQKeyboardReturnKeyHandler.swift */; };
		92A727411F444A6A00C60EBB /* IQTextView.swift in Sources */ = {isa = PBXBuildFile; fileRef = 92A7272E1F444A6A00C60EBB /* IQTextView.swift */; };
		92A727421F444A6A00C60EBB /* IQBarButtonItem.swift in Sources */ = {isa = PBXBuildFile; fileRef = 92A727301F444A6A00C60EBB /* IQBarButtonItem.swift */; };
		92A727431F444A6A00C60EBB /* IQPreviousNextView.swift in Sources */ = {isa = PBXBuildFile; fileRef = 92A727311F444A6A00C60EBB /* IQPreviousNextView.swift */; };
		92A727441F444A6A00C60EBB /* IQTitleBarButtonItem.swift in Sources */ = {isa = PBXBuildFile; fileRef = 92A727321F444A6A00C60EBB /* IQTitleBarButtonItem.swift */; };
		92A727451F444A6A00C60EBB /* IQToolbar.swift in Sources */ = {isa = PBXBuildFile; fileRef = 92A727331F444A6A00C60EBB /* IQToolbar.swift */; };
		92A727461F444A6A00C60EBB /* IQUIView+IQKeyboardToolbar.swift in Sources */ = {isa = PBXBuildFile; fileRef = 92A727341F444A6A00C60EBB /* IQUIView+IQKeyboardToolbar.swift */; };
		92A727471F444A6A00C60EBB /* IQKeyboardManager.bundle in Resources */ = {isa = PBXBuildFile; fileRef = 92A727361F444A6A00C60EBB /* IQKeyboardManager.bundle */; };
		92FAC4511F3B2C0F0038C210 /* SliderView.swift in Sources */ = {isa = PBXBuildFile; fileRef = 92FAC4501F3B2C0F0038C210 /* SliderView.swift */; };
		98EE2A1B02EB117E211CEF05 /* Pods_BuenPrecio.framework in Frameworks */ = {isa = PBXBuildFile; fileRef = 81085F6EB7F23F7A10079977 /* Pods_BuenPrecio.framework */; };
/* End PBXBuildFile section */

/* Begin PBXFileReference section */
		0D12F1DC1F445D7000692A78 /* ProductView.swift */ = {isa = PBXFileReference; fileEncoding = 4; lastKnownFileType = sourcecode.swift; path = ProductView.swift; sourceTree = "<group>"; };
		0D12F1E01F44753400692A78 /* ProductContainerView.swift */ = {isa = PBXFileReference; fileEncoding = 4; lastKnownFileType = sourcecode.swift; path = ProductContainerView.swift; sourceTree = "<group>"; };
		0D7D5D631F41B55A00531856 /* ReadData.swift */ = {isa = PBXFileReference; fileEncoding = 4; lastKnownFileType = sourcecode.swift; path = ReadData.swift; sourceTree = "<group>"; };
		0D7D5D651F41BC2900531856 /* GoogleService-Info.plist */ = {isa = PBXFileReference; fileEncoding = 4; lastKnownFileType = text.plist.xml; path = "GoogleService-Info.plist"; sourceTree = "<group>"; };
		0D7D5D671F41D60000531856 /* Category.swift */ = {isa = PBXFileReference; fileEncoding = 4; lastKnownFileType = sourcecode.swift; path = Category.swift; sourceTree = "<group>"; };
		0D7D5D691F41D61100531856 /* SubCategory.swift */ = {isa = PBXFileReference; fileEncoding = 4; lastKnownFileType = sourcecode.swift; path = SubCategory.swift; sourceTree = "<group>"; };
		0D7D5D6B1F41D61D00531856 /* Product.swift */ = {isa = PBXFileReference; fileEncoding = 4; lastKnownFileType = sourcecode.swift; path = Product.swift; sourceTree = "<group>"; };
		0DDCCB611F46B79A009C8A9B /* container.png */ = {isa = PBXFileReference; lastKnownFileType = image.png; path = container.png; sourceTree = "<group>"; };
		0DDCCB621F46B79A009C8A9B /* demoitem.png */ = {isa = PBXFileReference; lastKnownFileType = image.png; path = demoitem.png; sourceTree = "<group>"; };
		0DDCCB631F46B79A009C8A9B /* gradientImage.jpg */ = {isa = PBXFileReference; lastKnownFileType = image.jpeg; path = gradientImage.jpg; sourceTree = "<group>"; };
		0DDCCB641F46B79A009C8A9B /* help.png */ = {isa = PBXFileReference; lastKnownFileType = image.png; path = help.png; sourceTree = "<group>"; };
		0DDCCB651F46B79A009C8A9B /* home.png */ = {isa = PBXFileReference; lastKnownFileType = image.png; path = home.png; sourceTree = "<group>"; };
		0DDCCB661F46B79A009C8A9B /* home_bg.png */ = {isa = PBXFileReference; lastKnownFileType = image.png; path = home_bg.png; sourceTree = "<group>"; };
		0DDCCB671F46B79A009C8A9B /* left-arrow.png */ = {isa = PBXFileReference; lastKnownFileType = image.png; path = "left-arrow.png"; sourceTree = "<group>"; };
		0DDCCB681F46B79A009C8A9B /* left_Arrow.png */ = {isa = PBXFileReference; lastKnownFileType = image.png; path = left_Arrow.png; sourceTree = "<group>"; };
		0DDCCB691F46B79A009C8A9B /* leftArrow.png */ = {isa = PBXFileReference; lastKnownFileType = image.png; path = leftArrow.png; sourceTree = "<group>"; };
		0DDCCB6A1F46B79A009C8A9B /* lock.png */ = {isa = PBXFileReference; lastKnownFileType = image.png; path = lock.png; sourceTree = "<group>"; };
		0DDCCB6B1F46B79A009C8A9B /* logout.png */ = {isa = PBXFileReference; lastKnownFileType = image.png; path = logout.png; sourceTree = "<group>"; };
		0DDCCB6C1F46B79A009C8A9B /* mail.png */ = {isa = PBXFileReference; lastKnownFileType = image.png; path = mail.png; sourceTree = "<group>"; };
		0DDCCB6D1F46B79A009C8A9B /* no-image.png */ = {isa = PBXFileReference; lastKnownFileType = image.png; path = "no-image.png"; sourceTree = "<group>"; };
		0DDCCB6E1F46B79A009C8A9B /* phone.png */ = {isa = PBXFileReference; lastKnownFileType = image.png; path = phone.png; sourceTree = "<group>"; };
		0DDCCB6F1F46B79A009C8A9B /* receiver.png */ = {isa = PBXFileReference; lastKnownFileType = image.png; path = receiver.png; sourceTree = "<group>"; };
		0DDCCB701F46B79A009C8A9B /* right-arrow.png */ = {isa = PBXFileReference; lastKnownFileType = image.png; path = "right-arrow.png"; sourceTree = "<group>"; };
		0DDCCB711F46B79A009C8A9B /* right_Arrow.png */ = {isa = PBXFileReference; lastKnownFileType = image.png; path = right_Arrow.png; sourceTree = "<group>"; };
		0DDCCB721F46B79A009C8A9B /* search.png */ = {isa = PBXFileReference; lastKnownFileType = image.png; path = search.png; sourceTree = "<group>"; };
		0DDCCB731F46B79A009C8A9B /* shopping-basket-icon.png */ = {isa = PBXFileReference; lastKnownFileType = image.png; path = "shopping-basket-icon.png"; sourceTree = "<group>"; };
		0DDCCB741F46B79A009C8A9B /* side-menu.png */ = {isa = PBXFileReference; lastKnownFileType = image.png; path = "side-menu.png"; sourceTree = "<group>"; };
		0DDCCB751F46B79A009C8A9B /* signed_user.png */ = {isa = PBXFileReference; lastKnownFileType = image.png; path = signed_user.png; sourceTree = "<group>"; };
		0DDCCB761F46B79A009C8A9B /* user.png */ = {isa = PBXFileReference; lastKnownFileType = image.png; path = user.png; sourceTree = "<group>"; };
		0DDCCB771F46B79A009C8A9B /* user-icon.png */ = {isa = PBXFileReference; lastKnownFileType = image.png; path = "user-icon.png"; sourceTree = "<group>"; };
		0DDCCB8F1F46E593009C8A9B /* User.swift */ = {isa = PBXFileReference; fileEncoding = 4; lastKnownFileType = sourcecode.swift; path = User.swift; sourceTree = "<group>"; };
		0DDCCB931F472C16009C8A9B /* SearchResultViewController.swift */ = {isa = PBXFileReference; fileEncoding = 4; lastKnownFileType = sourcecode.swift; path = SearchResultViewController.swift; sourceTree = "<group>"; };
		0DE837BE1F45B101000A5D3A /* ProductDetailView.swift */ = {isa = PBXFileReference; fileEncoding = 4; lastKnownFileType = sourcecode.swift; path = ProductDetailView.swift; sourceTree = "<group>"; };
		0DE837C01F45BE08000A5D3A /* Login.swift */ = {isa = PBXFileReference; fileEncoding = 4; lastKnownFileType = sourcecode.swift; path = Login.swift; sourceTree = "<group>"; };
		0DE837C21F45C8DB000A5D3A /* WriteData.swift */ = {isa = PBXFileReference; fileEncoding = 4; lastKnownFileType = sourcecode.swift; path = WriteData.swift; sourceTree = "<group>"; };
		0DE837C41F45DC82000A5D3A /* Util.swift */ = {isa = PBXFileReference; fileEncoding = 4; lastKnownFileType = sourcecode.swift; path = Util.swift; sourceTree = "<group>"; };
		0DEF444E1F35E4010072218D /* BuenPrecio.app */ = {isa = PBXFileReference; explicitFileType = wrapper.application; includeInIndex = 0; path = BuenPrecio.app; sourceTree = BUILT_PRODUCTS_DIR; };
		0DEF44511F35E4010072218D /* AppDelegate.swift */ = {isa = PBXFileReference; lastKnownFileType = sourcecode.swift; path = AppDelegate.swift; sourceTree = "<group>"; };
		0DEF44531F35E4010072218D /* ViewController.swift */ = {isa = PBXFileReference; lastKnownFileType = sourcecode.swift; path = ViewController.swift; sourceTree = "<group>"; };
		0DEF44561F35E4010072218D /* Base */ = {isa = PBXFileReference; lastKnownFileType = file.storyboard; name = Base; path = Base.lproj/Main.storyboard; sourceTree = "<group>"; };
		0DEF44581F35E4010072218D /* Assets.xcassets */ = {isa = PBXFileReference; lastKnownFileType = folder.assetcatalog; path = Assets.xcassets; sourceTree = "<group>"; };
		0DEF445D1F35E4020072218D /* Info.plist */ = {isa = PBXFileReference; lastKnownFileType = text.plist.xml; path = Info.plist; sourceTree = "<group>"; };
		21937105374208F781428EAC /* Pods-BuenPrecio.debug.xcconfig */ = {isa = PBXFileReference; includeInIndex = 1; lastKnownFileType = text.xcconfig; name = "Pods-BuenPrecio.debug.xcconfig"; path = "Pods/Target Support Files/Pods-BuenPrecio/Pods-BuenPrecio.debug.xcconfig"; sourceTree = "<group>"; };
		81085F6EB7F23F7A10079977 /* Pods_BuenPrecio.framework */ = {isa = PBXFileReference; explicitFileType = wrapper.framework; includeInIndex = 0; path = Pods_BuenPrecio.framework; sourceTree = BUILT_PRODUCTS_DIR; };
		92A383091F3EBB6300CDB6BE /* PrecioViewController.swift */ = {isa = PBXFileReference; fileEncoding = 4; lastKnownFileType = sourcecode.swift; path = PrecioViewController.swift; sourceTree = "<group>"; };
		92A3830D1F3EEAC000CDB6BE /* SearchViewController.swift */ = {isa = PBXFileReference; fileEncoding = 4; lastKnownFileType = sourcecode.swift; name = SearchViewController.swift; path = ../SearchViewController.swift; sourceTree = "<group>"; };
		92A6D5D11F3C6D780033959C /* CommonClass.swift */ = {isa = PBXFileReference; fileEncoding = 4; lastKnownFileType = sourcecode.swift; path = CommonClass.swift; sourceTree = "<group>"; };
		92A6D5D51F3C85790033959C /* LoginViewController.swift */ = {isa = PBXFileReference; fileEncoding = 4; lastKnownFileType = sourcecode.swift; path = LoginViewController.swift; sourceTree = "<group>"; };
		92A6D5D71F3C9F290033959C /* ProfileViewController.swift */ = {isa = PBXFileReference; fileEncoding = 4; lastKnownFileType = sourcecode.swift; path = ProfileViewController.swift; sourceTree = "<group>"; };
		92A6D5D91F3C9F3E0033959C /* ForgotPasswordVC.swift */ = {isa = PBXFileReference; fileEncoding = 4; lastKnownFileType = sourcecode.swift; path = ForgotPasswordVC.swift; sourceTree = "<group>"; };
		92A727211F444A6A00C60EBB /* IQNSArray+Sort.swift */ = {isa = PBXFileReference; fileEncoding = 4; lastKnownFileType = sourcecode.swift; path = "IQNSArray+Sort.swift"; sourceTree = "<group>"; };
		92A727221F444A6A00C60EBB /* IQUIScrollView+Additions.swift */ = {isa = PBXFileReference; fileEncoding = 4; lastKnownFileType = sourcecode.swift; path = "IQUIScrollView+Additions.swift"; sourceTree = "<group>"; };
		92A727231F444A6A00C60EBB /* IQUITextFieldView+Additions.swift */ = {isa = PBXFileReference; fileEncoding = 4; lastKnownFileType = sourcecode.swift; path = "IQUITextFieldView+Additions.swift"; sourceTree = "<group>"; };
		92A727241F444A6A00C60EBB /* IQUIView+Hierarchy.swift */ = {isa = PBXFileReference; fileEncoding = 4; lastKnownFileType = sourcecode.swift; path = "IQUIView+Hierarchy.swift"; sourceTree = "<group>"; };
		92A727251F444A6A00C60EBB /* IQUIViewController+Additions.swift */ = {isa = PBXFileReference; fileEncoding = 4; lastKnownFileType = sourcecode.swift; path = "IQUIViewController+Additions.swift"; sourceTree = "<group>"; };
		92A727261F444A6A00C60EBB /* IQUIWindow+Hierarchy.swift */ = {isa = PBXFileReference; fileEncoding = 4; lastKnownFileType = sourcecode.swift; path = "IQUIWindow+Hierarchy.swift"; sourceTree = "<group>"; };
		92A727281F444A6A00C60EBB /* IQKeyboardManagerConstants.swift */ = {isa = PBXFileReference; fileEncoding = 4; lastKnownFileType = sourcecode.swift; path = IQKeyboardManagerConstants.swift; sourceTree = "<group>"; };
		92A727291F444A6A00C60EBB /* IQKeyboardManagerConstantsInternal.swift */ = {isa = PBXFileReference; fileEncoding = 4; lastKnownFileType = sourcecode.swift; path = IQKeyboardManagerConstantsInternal.swift; sourceTree = "<group>"; };
		92A7272A1F444A6A00C60EBB /* IQKeyboardManager.swift */ = {isa = PBXFileReference; fileEncoding = 4; lastKnownFileType = sourcecode.swift; path = IQKeyboardManager.swift; sourceTree = "<group>"; };
		92A7272B1F444A6A00C60EBB /* IQKeyboardManagerSwift.h */ = {isa = PBXFileReference; fileEncoding = 4; lastKnownFileType = sourcecode.c.h; path = IQKeyboardManagerSwift.h; sourceTree = "<group>"; };
		92A7272C1F444A6A00C60EBB /* IQKeyboardReturnKeyHandler.swift */ = {isa = PBXFileReference; fileEncoding = 4; lastKnownFileType = sourcecode.swift; path = IQKeyboardReturnKeyHandler.swift; sourceTree = "<group>"; };
		92A7272E1F444A6A00C60EBB /* IQTextView.swift */ = {isa = PBXFileReference; fileEncoding = 4; lastKnownFileType = sourcecode.swift; path = IQTextView.swift; sourceTree = "<group>"; };
		92A727301F444A6A00C60EBB /* IQBarButtonItem.swift */ = {isa = PBXFileReference; fileEncoding = 4; lastKnownFileType = sourcecode.swift; path = IQBarButtonItem.swift; sourceTree = "<group>"; };
		92A727311F444A6A00C60EBB /* IQPreviousNextView.swift */ = {isa = PBXFileReference; fileEncoding = 4; lastKnownFileType = sourcecode.swift; path = IQPreviousNextView.swift; sourceTree = "<group>"; };
		92A727321F444A6A00C60EBB /* IQTitleBarButtonItem.swift */ = {isa = PBXFileReference; fileEncoding = 4; lastKnownFileType = sourcecode.swift; path = IQTitleBarButtonItem.swift; sourceTree = "<group>"; };
		92A727331F444A6A00C60EBB /* IQToolbar.swift */ = {isa = PBXFileReference; fileEncoding = 4; lastKnownFileType = sourcecode.swift; path = IQToolbar.swift; sourceTree = "<group>"; };
		92A727341F444A6A00C60EBB /* IQUIView+IQKeyboardToolbar.swift */ = {isa = PBXFileReference; fileEncoding = 4; lastKnownFileType = sourcecode.swift; path = "IQUIView+IQKeyboardToolbar.swift"; sourceTree = "<group>"; };
		92A727361F444A6A00C60EBB /* IQKeyboardManager.bundle */ = {isa = PBXFileReference; lastKnownFileType = "wrapper.plug-in"; path = IQKeyboardManager.bundle; sourceTree = "<group>"; };
		92FAC4501F3B2C0F0038C210 /* SliderView.swift */ = {isa = PBXFileReference; fileEncoding = 4; lastKnownFileType = sourcecode.swift; path = SliderView.swift; sourceTree = "<group>"; };
		E62B638482DA59A25D23188B /* Pods-BuenPrecio.release.xcconfig */ = {isa = PBXFileReference; includeInIndex = 1; lastKnownFileType = text.xcconfig; name = "Pods-BuenPrecio.release.xcconfig"; path = "Pods/Target Support Files/Pods-BuenPrecio/Pods-BuenPrecio.release.xcconfig"; sourceTree = "<group>"; };
/* End PBXFileReference section */

/* Begin PBXFrameworksBuildPhase section */
		0DEF444B1F35E4000072218D /* Frameworks */ = {
			isa = PBXFrameworksBuildPhase;
			buildActionMask = 2147483647;
			files = (
				98EE2A1B02EB117E211CEF05 /* Pods_BuenPrecio.framework in Frameworks */,
			);
			runOnlyForDeploymentPostprocessing = 0;
		};
/* End PBXFrameworksBuildPhase section */

/* Begin PBXGroup section */
		0D12F1DB1F445D2E00692A78 /* Views */ = {
			isa = PBXGroup;
			children = (
				0D12F1DC1F445D7000692A78 /* ProductView.swift */,
				0DE837BE1F45B101000A5D3A /* ProductDetailView.swift */,
				0D12F1E01F44753400692A78 /* ProductContainerView.swift */,
			);
			name = Views;
			sourceTree = "<group>";
		};
		0D7D5D621F41B52D00531856 /* dataservice */ = {
			isa = PBXGroup;
			children = (
				0D7D5D631F41B55A00531856 /* ReadData.swift */,
				0DE837C21F45C8DB000A5D3A /* WriteData.swift */,
				0DDCCB8F1F46E593009C8A9B /* User.swift */,
				0DE837C01F45BE08000A5D3A /* Login.swift */,
				0D7D5D671F41D60000531856 /* Category.swift */,
				0D7D5D6B1F41D61D00531856 /* Product.swift */,
				0D7D5D691F41D61100531856 /* SubCategory.swift */,
			);
			name = dataservice;
			sourceTree = "<group>";
		};
		0DDCCB601F46B79A009C8A9B /* resources */ = {
			isa = PBXGroup;
			children = (
				0DDCCB611F46B79A009C8A9B /* container.png */,
				0DDCCB621F46B79A009C8A9B /* demoitem.png */,
				0DDCCB631F46B79A009C8A9B /* gradientImage.jpg */,
				0DDCCB641F46B79A009C8A9B /* help.png */,
				0DDCCB651F46B79A009C8A9B /* home.png */,
				0DDCCB661F46B79A009C8A9B /* home_bg.png */,
				0DDCCB671F46B79A009C8A9B /* left-arrow.png */,
				0DDCCB681F46B79A009C8A9B /* left_Arrow.png */,
				0DDCCB691F46B79A009C8A9B /* leftArrow.png */,
				0DDCCB6A1F46B79A009C8A9B /* lock.png */,
				0DDCCB6B1F46B79A009C8A9B /* logout.png */,
				0DDCCB6C1F46B79A009C8A9B /* mail.png */,
				0DDCCB6D1F46B79A009C8A9B /* no-image.png */,
				0DDCCB6E1F46B79A009C8A9B /* phone.png */,
				0DDCCB6F1F46B79A009C8A9B /* receiver.png */,
				0DDCCB701F46B79A009C8A9B /* right-arrow.png */,
				0DDCCB711F46B79A009C8A9B /* right_Arrow.png */,
				0DDCCB721F46B79A009C8A9B /* search.png */,
				0DDCCB731F46B79A009C8A9B /* shopping-basket-icon.png */,
				0DDCCB741F46B79A009C8A9B /* side-menu.png */,
				0DDCCB751F46B79A009C8A9B /* signed_user.png */,
				0DDCCB761F46B79A009C8A9B /* user.png */,
				0DDCCB771F46B79A009C8A9B /* user-icon.png */,
			);
			path = resources;
			sourceTree = "<group>";
		};
		0DEF44451F35E4000072218D = {
			isa = PBXGroup;
			children = (
				0D7D5D651F41BC2900531856 /* GoogleService-Info.plist */,
				0DEF44501F35E4010072218D /* BuenPrecio */,
				0DEF444F1F35E4010072218D /* Products */,
				15446045008AE6183A453FF8 /* Pods */,
				2EB83CE69CEA921724C9C661 /* Frameworks */,
			);
			sourceTree = "<group>";
		};
		0DEF444F1F35E4010072218D /* Products */ = {
			isa = PBXGroup;
			children = (
				0DEF444E1F35E4010072218D /* BuenPrecio.app */,
			);
			name = Products;
			sourceTree = "<group>";
		};
		0DEF44501F35E4010072218D /* BuenPrecio */ = {
			isa = PBXGroup;
			children = (
				0D12F1DB1F445D2E00692A78 /* Views */,
				92A7271F1F444A6A00C60EBB /* IQKeyboardManagerSwift */,
				0D7D5D621F41B52D00531856 /* dataservice */,
				0DEF44511F35E4010072218D /* AppDelegate.swift */,
				0DEF44531F35E4010072218D /* ViewController.swift */,
				0DDCCB931F472C16009C8A9B /* SearchResultViewController.swift */,
				92A3830D1F3EEAC000CDB6BE /* SearchViewController.swift */,
				92A383091F3EBB6300CDB6BE /* PrecioViewController.swift */,
				92FAC4501F3B2C0F0038C210 /* SliderView.swift */,
				92A6D5D11F3C6D780033959C /* CommonClass.swift */,
				92A6D5D51F3C85790033959C /* LoginViewController.swift */,
				92A6D5D71F3C9F290033959C /* ProfileViewController.swift */,
				92A6D5D91F3C9F3E0033959C /* ForgotPasswordVC.swift */,
				0DEF44551F35E4010072218D /* Main.storyboard */,
				0DEF44581F35E4010072218D /* Assets.xcassets */,
				0DDCCB601F46B79A009C8A9B /* resources */,
				0DEF445D1F35E4020072218D /* Info.plist */,
				0DE837C41F45DC82000A5D3A /* Util.swift */,
			);
			path = BuenPrecio;
			sourceTree = "<group>";
		};
		15446045008AE6183A453FF8 /* Pods */ = {
			isa = PBXGroup;
			children = (
				21937105374208F781428EAC /* Pods-BuenPrecio.debug.xcconfig */,
				E62B638482DA59A25D23188B /* Pods-BuenPrecio.release.xcconfig */,
			);
			name = Pods;
			sourceTree = "<group>";
		};
		2EB83CE69CEA921724C9C661 /* Frameworks */ = {
			isa = PBXGroup;
			children = (
				81085F6EB7F23F7A10079977 /* Pods_BuenPrecio.framework */,
			);
			name = Frameworks;
			sourceTree = "<group>";
		};
		92A7271F1F444A6A00C60EBB /* IQKeyboardManagerSwift */ = {
			isa = PBXGroup;
			children = (
				92A727201F444A6A00C60EBB /* Categories */,
				92A727271F444A6A00C60EBB /* Constants */,
				92A7272A1F444A6A00C60EBB /* IQKeyboardManager.swift */,
				92A7272B1F444A6A00C60EBB /* IQKeyboardManagerSwift.h */,
				92A7272C1F444A6A00C60EBB /* IQKeyboardReturnKeyHandler.swift */,
				92A7272D1F444A6A00C60EBB /* IQTextView */,
				92A7272F1F444A6A00C60EBB /* IQToolbar */,
				92A727351F444A6A00C60EBB /* Resources */,
			);
			path = IQKeyboardManagerSwift;
			sourceTree = "<group>";
		};
		92A727201F444A6A00C60EBB /* Categories */ = {
			isa = PBXGroup;
			children = (
				92A727211F444A6A00C60EBB /* IQNSArray+Sort.swift */,
				92A727221F444A6A00C60EBB /* IQUIScrollView+Additions.swift */,
				92A727231F444A6A00C60EBB /* IQUITextFieldView+Additions.swift */,
				92A727241F444A6A00C60EBB /* IQUIView+Hierarchy.swift */,
				92A727251F444A6A00C60EBB /* IQUIViewController+Additions.swift */,
				92A727261F444A6A00C60EBB /* IQUIWindow+Hierarchy.swift */,
			);
			path = Categories;
			sourceTree = "<group>";
		};
		92A727271F444A6A00C60EBB /* Constants */ = {
			isa = PBXGroup;
			children = (
				92A727281F444A6A00C60EBB /* IQKeyboardManagerConstants.swift */,
				92A727291F444A6A00C60EBB /* IQKeyboardManagerConstantsInternal.swift */,
			);
			path = Constants;
			sourceTree = "<group>";
		};
		92A7272D1F444A6A00C60EBB /* IQTextView */ = {
			isa = PBXGroup;
			children = (
				92A7272E1F444A6A00C60EBB /* IQTextView.swift */,
			);
			path = IQTextView;
			sourceTree = "<group>";
		};
		92A7272F1F444A6A00C60EBB /* IQToolbar */ = {
			isa = PBXGroup;
			children = (
				92A727301F444A6A00C60EBB /* IQBarButtonItem.swift */,
				92A727311F444A6A00C60EBB /* IQPreviousNextView.swift */,
				92A727321F444A6A00C60EBB /* IQTitleBarButtonItem.swift */,
				92A727331F444A6A00C60EBB /* IQToolbar.swift */,
				92A727341F444A6A00C60EBB /* IQUIView+IQKeyboardToolbar.swift */,
			);
			path = IQToolbar;
			sourceTree = "<group>";
		};
		92A727351F444A6A00C60EBB /* Resources */ = {
			isa = PBXGroup;
			children = (
				92A727361F444A6A00C60EBB /* IQKeyboardManager.bundle */,
			);
			path = Resources;
			sourceTree = "<group>";
		};
/* End PBXGroup section */

/* Begin PBXNativeTarget section */
		0DEF444D1F35E4000072218D /* BuenPrecio */ = {
			isa = PBXNativeTarget;
			buildConfigurationList = 0DEF44601F35E4020072218D /* Build configuration list for PBXNativeTarget "BuenPrecio" */;
			buildPhases = (
				5DBF336B75E5B302556C8DF8 /* [CP] Check Pods Manifest.lock */,
				0DEF444A1F35E4000072218D /* Sources */,
				0DEF444B1F35E4000072218D /* Frameworks */,
				0DEF444C1F35E4000072218D /* Resources */,
				6F1BE858E86C9D9DCEAF7D12 /* [CP] Embed Pods Frameworks */,
				66B9598147BA5267366B7959 /* [CP] Copy Pods Resources */,
			);
			buildRules = (
			);
			dependencies = (
			);
			name = BuenPrecio;
			productName = BuenPrecio;
			productReference = 0DEF444E1F35E4010072218D /* BuenPrecio.app */;
			productType = "com.apple.product-type.application";
		};
/* End PBXNativeTarget section */

/* Begin PBXProject section */
		0DEF44461F35E4000072218D /* Project object */ = {
			isa = PBXProject;
			attributes = {
				LastSwiftUpdateCheck = 0830;
				LastUpgradeCheck = 0830;
				ORGANIZATIONNAME = ignisit;
				TargetAttributes = {
					0DEF444D1F35E4000072218D = {
						CreatedOnToolsVersion = 8.3.2;
						DevelopmentTeam = P428BUHYJR;
						LastSwiftMigration = 0830;
						ProvisioningStyle = Manual;
					};
				};
			};
			buildConfigurationList = 0DEF44491F35E4000072218D /* Build configuration list for PBXProject "BuenPrecio" */;
			compatibilityVersion = "Xcode 3.2";
			developmentRegion = English;
			hasScannedForEncodings = 0;
			knownRegions = (
				en,
				Base,
			);
			mainGroup = 0DEF44451F35E4000072218D;
			productRefGroup = 0DEF444F1F35E4010072218D /* Products */;
			projectDirPath = "";
			projectRoot = "";
			targets = (
				0DEF444D1F35E4000072218D /* BuenPrecio */,
			);
		};
/* End PBXProject section */

/* Begin PBXResourcesBuildPhase section */
		0DEF444C1F35E4000072218D /* Resources */ = {
			isa = PBXResourcesBuildPhase;
			buildActionMask = 2147483647;
			files = (
				0DDCCB841F46B79A009C8A9B /* no-image.png in Resources */,
				0DDCCB8D1F46B79A009C8A9B /* user.png in Resources */,
				0DDCCB7A1F46B79A009C8A9B /* gradientImage.jpg in Resources */,
				0DDCCB7B1F46B79A009C8A9B /* help.png in Resources */,
				0DDCCB861F46B79A009C8A9B /* receiver.png in Resources */,
				0DDCCB781F46B79A009C8A9B /* container.png in Resources */,
				0DDCCB801F46B79A009C8A9B /* leftArrow.png in Resources */,
				0DEF44591F35E4010072218D /* Assets.xcassets in Resources */,
				0DDCCB8A1F46B79A009C8A9B /* shopping-basket-icon.png in Resources */,
				0DDCCB831F46B79A009C8A9B /* mail.png in Resources */,
				0DDCCB8C1F46B79A009C8A9B /* signed_user.png in Resources */,
				0DDCCB7D1F46B79A009C8A9B /* home_bg.png in Resources */,
				0DDCCB821F46B79A009C8A9B /* logout.png in Resources */,
				0D7D5D661F41BC2900531856 /* GoogleService-Info.plist in Resources */,
				0DDCCB7F1F46B79A009C8A9B /* left_Arrow.png in Resources */,
				0DDCCB7C1F46B79A009C8A9B /* home.png in Resources */,
				0DDCCB881F46B79A009C8A9B /* right_Arrow.png in Resources */,
				0DDCCB871F46B79A009C8A9B /* right-arrow.png in Resources */,
				0DDCCB851F46B79A009C8A9B /* phone.png in Resources */,
				0DDCCB7E1F46B79A009C8A9B /* left-arrow.png in Resources */,
				0DDCCB8E1F46B79A009C8A9B /* user-icon.png in Resources */,
				0DDCCB8B1F46B79A009C8A9B /* side-menu.png in Resources */,
				0DDCCB811F46B79A009C8A9B /* lock.png in Resources */,
				0DEF44571F35E4010072218D /* Main.storyboard in Resources */,
				92A727471F444A6A00C60EBB /* IQKeyboardManager.bundle in Resources */,
				0DDCCB791F46B79A009C8A9B /* demoitem.png in Resources */,
				0DDCCB891F46B79A009C8A9B /* search.png in Resources */,
			);
			runOnlyForDeploymentPostprocessing = 0;
		};
/* End PBXResourcesBuildPhase section */

/* Begin PBXShellScriptBuildPhase section */
		5DBF336B75E5B302556C8DF8 /* [CP] Check Pods Manifest.lock */ = {
			isa = PBXShellScriptBuildPhase;
			buildActionMask = 2147483647;
			files = (
			);
			inputPaths = (
			);
			name = "[CP] Check Pods Manifest.lock";
			outputPaths = (
			);
			runOnlyForDeploymentPostprocessing = 0;
			shellPath = /bin/sh;
			shellScript = "diff \"${PODS_ROOT}/../Podfile.lock\" \"${PODS_ROOT}/Manifest.lock\" > /dev/null\nif [[ $? != 0 ]] ; then\n    cat << EOM\nerror: The sandbox is not in sync with the Podfile.lock. Run 'pod install' or update your CocoaPods installation.\nEOM\n    exit 1\nfi\n";
			showEnvVarsInLog = 0;
		};
		66B9598147BA5267366B7959 /* [CP] Copy Pods Resources */ = {
			isa = PBXShellScriptBuildPhase;
			buildActionMask = 2147483647;
			files = (
			);
			inputPaths = (
			);
			name = "[CP] Copy Pods Resources";
			outputPaths = (
			);
			runOnlyForDeploymentPostprocessing = 0;
			shellPath = /bin/sh;
			shellScript = "\"${SRCROOT}/Pods/Target Support Files/Pods-BuenPrecio/Pods-BuenPrecio-resources.sh\"\n";
			showEnvVarsInLog = 0;
		};
		6F1BE858E86C9D9DCEAF7D12 /* [CP] Embed Pods Frameworks */ = {
			isa = PBXShellScriptBuildPhase;
			buildActionMask = 2147483647;
			files = (
			);
			inputPaths = (
			);
			name = "[CP] Embed Pods Frameworks";
			outputPaths = (
			);
			runOnlyForDeploymentPostprocessing = 0;
			shellPath = /bin/sh;
			shellScript = "\"${SRCROOT}/Pods/Target Support Files/Pods-BuenPrecio/Pods-BuenPrecio-frameworks.sh\"\n";
			showEnvVarsInLog = 0;
		};
/* End PBXShellScriptBuildPhase section */

/* Begin PBXSourcesBuildPhase section */
		0DEF444A1F35E4000072218D /* Sources */ = {
			isa = PBXSourcesBuildPhase;
			buildActionMask = 2147483647;
			files = (
				0DE837C31F45C8DB000A5D3A /* WriteData.swift in Sources */,
				92A6D5D81F3C9F290033959C /* ProfileViewController.swift in Sources */,
				0DE837C11F45BE08000A5D3A /* Login.swift in Sources */,
				0DDCCB941F472C16009C8A9B /* SearchResultViewController.swift in Sources */,
				92A7273D1F444A6A00C60EBB /* IQKeyboardManagerConstants.swift in Sources */,
				0DE837BF1F45B101000A5D3A /* ProductDetailView.swift in Sources */,
				92A727401F444A6A00C60EBB /* IQKeyboardReturnKeyHandler.swift in Sources */,
				92A7273E1F444A6A00C60EBB /* IQKeyboardManagerConstantsInternal.swift in Sources */,
				92A727431F444A6A00C60EBB /* IQPreviousNextView.swift in Sources */,
				92A6D5DA1F3C9F3E0033959C /* ForgotPasswordVC.swift in Sources */,
				92FAC4511F3B2C0F0038C210 /* SliderView.swift in Sources */,
				92A7273A1F444A6A00C60EBB /* IQUIView+Hierarchy.swift in Sources */,
				0D7D5D641F41B55A00531856 /* ReadData.swift in Sources */,
				92A727381F444A6A00C60EBB /* IQUIScrollView+Additions.swift in Sources */,
				92A727411F444A6A00C60EBB /* IQTextView.swift in Sources */,
				92A727391F444A6A00C60EBB /* IQUITextFieldView+Additions.swift in Sources */,
				92A727441F444A6A00C60EBB /* IQTitleBarButtonItem.swift in Sources */,
				0D7D5D6A1F41D61100531856 /* SubCategory.swift in Sources */,
				92A3830E1F3EEAC000CDB6BE /* SearchViewController.swift in Sources */,
				0DE837C51F45DC82000A5D3A /* Util.swift in Sources */,
				0DEF44541F35E4010072218D /* ViewController.swift in Sources */,
				92A727451F444A6A00C60EBB /* IQToolbar.swift in Sources */,
				92A727461F444A6A00C60EBB /* IQUIView+IQKeyboardToolbar.swift in Sources */,
				0DEF44521F35E4010072218D /* AppDelegate.swift in Sources */,
				92A7273B1F444A6A00C60EBB /* IQUIViewController+Additions.swift in Sources */,
				0D12F1DD1F445D7000692A78 /* ProductView.swift in Sources */,
				92A6D5D61F3C85790033959C /* LoginViewController.swift in Sources */,
				92A3830A1F3EBB6300CDB6BE /* PrecioViewController.swift in Sources */,
				92A7273F1F444A6A00C60EBB /* IQKeyboardManager.swift in Sources */,
				92A7273C1F444A6A00C60EBB /* IQUIWindow+Hierarchy.swift in Sources */,
				92A727371F444A6A00C60EBB /* IQNSArray+Sort.swift in Sources */,
				92A727421F444A6A00C60EBB /* IQBarButtonItem.swift in Sources */,
				92A6D5D21F3C6D780033959C /* CommonClass.swift in Sources */,
				0DDCCB901F46E593009C8A9B /* User.swift in Sources */,
				0D7D5D681F41D60000531856 /* Category.swift in Sources */,
				0D12F1E11F44753400692A78 /* ProductContainerView.swift in Sources */,
				0D7D5D6C1F41D61D00531856 /* Product.swift in Sources */,
			);
			runOnlyForDeploymentPostprocessing = 0;
		};
/* End PBXSourcesBuildPhase section */

/* Begin PBXVariantGroup section */
		0DEF44551F35E4010072218D /* Main.storyboard */ = {
			isa = PBXVariantGroup;
			children = (
				0DEF44561F35E4010072218D /* Base */,
			);
			name = Main.storyboard;
			sourceTree = "<group>";
		};
/* End PBXVariantGroup section */

/* Begin XCBuildConfiguration section */
		0DEF445E1F35E4020072218D /* Debug */ = {
			isa = XCBuildConfiguration;
			buildSettings = {
				ALWAYS_SEARCH_USER_PATHS = NO;
				CLANG_ANALYZER_NONNULL = YES;
				CLANG_ANALYZER_NUMBER_OBJECT_CONVERSION = YES_AGGRESSIVE;
				CLANG_CXX_LANGUAGE_STANDARD = "gnu++0x";
				CLANG_CXX_LIBRARY = "libc++";
				CLANG_ENABLE_MODULES = YES;
				CLANG_ENABLE_OBJC_ARC = YES;
				CLANG_WARN_BOOL_CONVERSION = YES;
				CLANG_WARN_CONSTANT_CONVERSION = YES;
				CLANG_WARN_DIRECT_OBJC_ISA_USAGE = YES_ERROR;
				CLANG_WARN_DOCUMENTATION_COMMENTS = YES;
				CLANG_WARN_EMPTY_BODY = YES;
				CLANG_WARN_ENUM_CONVERSION = YES;
				CLANG_WARN_INFINITE_RECURSION = YES;
				CLANG_WARN_INT_CONVERSION = YES;
				CLANG_WARN_OBJC_ROOT_CLASS = YES_ERROR;
				CLANG_WARN_SUSPICIOUS_MOVE = YES;
				CLANG_WARN_UNREACHABLE_CODE = YES;
				CLANG_WARN__DUPLICATE_METHOD_MATCH = YES;
				"CODE_SIGN_IDENTITY[sdk=iphoneos*]" = "iPhone Developer";
				COPY_PHASE_STRIP = NO;
				DEBUG_INFORMATION_FORMAT = dwarf;
				ENABLE_STRICT_OBJC_MSGSEND = YES;
				ENABLE_TESTABILITY = YES;
				GCC_C_LANGUAGE_STANDARD = gnu99;
				GCC_DYNAMIC_NO_PIC = NO;
				GCC_NO_COMMON_BLOCKS = YES;
				GCC_OPTIMIZATION_LEVEL = 0;
				GCC_PREPROCESSOR_DEFINITIONS = (
					"DEBUG=1",
					"$(inherited)",
				);
				GCC_WARN_64_TO_32_BIT_CONVERSION = YES;
				GCC_WARN_ABOUT_RETURN_TYPE = YES_ERROR;
				GCC_WARN_UNDECLARED_SELECTOR = YES;
				GCC_WARN_UNINITIALIZED_AUTOS = YES_AGGRESSIVE;
				GCC_WARN_UNUSED_FUNCTION = YES;
				GCC_WARN_UNUSED_VARIABLE = YES;
				IPHONEOS_DEPLOYMENT_TARGET = 10.3;
				MTL_ENABLE_DEBUG_INFO = YES;
				ONLY_ACTIVE_ARCH = YES;
				SDKROOT = iphoneos;
				SWIFT_ACTIVE_COMPILATION_CONDITIONS = DEBUG;
				SWIFT_OPTIMIZATION_LEVEL = "-Onone";
				TARGETED_DEVICE_FAMILY = "1,2";
			};
			name = Debug;
		};
		0DEF445F1F35E4020072218D /* Release */ = {
			isa = XCBuildConfiguration;
			buildSettings = {
				ALWAYS_SEARCH_USER_PATHS = NO;
				CLANG_ANALYZER_NONNULL = YES;
				CLANG_ANALYZER_NUMBER_OBJECT_CONVERSION = YES_AGGRESSIVE;
				CLANG_CXX_LANGUAGE_STANDARD = "gnu++0x";
				CLANG_CXX_LIBRARY = "libc++";
				CLANG_ENABLE_MODULES = YES;
				CLANG_ENABLE_OBJC_ARC = YES;
				CLANG_WARN_BOOL_CONVERSION = YES;
				CLANG_WARN_CONSTANT_CONVERSION = YES;
				CLANG_WARN_DIRECT_OBJC_ISA_USAGE = YES_ERROR;
				CLANG_WARN_DOCUMENTATION_COMMENTS = YES;
				CLANG_WARN_EMPTY_BODY = YES;
				CLANG_WARN_ENUM_CONVERSION = YES;
				CLANG_WARN_INFINITE_RECURSION = YES;
				CLANG_WARN_INT_CONVERSION = YES;
				CLANG_WARN_OBJC_ROOT_CLASS = YES_ERROR;
				CLANG_WARN_SUSPICIOUS_MOVE = YES;
				CLANG_WARN_UNREACHABLE_CODE = YES;
				CLANG_WARN__DUPLICATE_METHOD_MATCH = YES;
				"CODE_SIGN_IDENTITY[sdk=iphoneos*]" = "iPhone Developer";
				COPY_PHASE_STRIP = NO;
				DEBUG_INFORMATION_FORMAT = "dwarf-with-dsym";
				ENABLE_NS_ASSERTIONS = NO;
				ENABLE_STRICT_OBJC_MSGSEND = YES;
				GCC_C_LANGUAGE_STANDARD = gnu99;
				GCC_NO_COMMON_BLOCKS = YES;
				GCC_WARN_64_TO_32_BIT_CONVERSION = YES;
				GCC_WARN_ABOUT_RETURN_TYPE = YES_ERROR;
				GCC_WARN_UNDECLARED_SELECTOR = YES;
				GCC_WARN_UNINITIALIZED_AUTOS = YES_AGGRESSIVE;
				GCC_WARN_UNUSED_FUNCTION = YES;
				GCC_WARN_UNUSED_VARIABLE = YES;
				IPHONEOS_DEPLOYMENT_TARGET = 10.3;
				MTL_ENABLE_DEBUG_INFO = NO;
				SDKROOT = iphoneos;
				SWIFT_OPTIMIZATION_LEVEL = "-Owholemodule";
				TARGETED_DEVICE_FAMILY = "1,2";
				VALIDATE_PRODUCT = YES;
			};
			name = Release;
		};
		0DEF44611F35E4020072218D /* Debug */ = {
			isa = XCBuildConfiguration;
			baseConfigurationReference = 21937105374208F781428EAC /* Pods-BuenPrecio.debug.xcconfig */;
			buildSettings = {
				ASSETCATALOG_COMPILER_APPICON_NAME = AppIcon;
				ASSETCATALOG_COMPILER_LAUNCHIMAGE_NAME = LaunchImage;
				CODE_SIGN_IDENTITY = "iPhone Distribution: Ignis IT Solutions Private Limited (P428BUHYJR)";
				"CODE_SIGN_IDENTITY[sdk=iphoneos*]" = "iPhone Developer: Brijendra Tiwari (2N3DAYSS8Z)";
				DEVELOPMENT_TEAM = P428BUHYJR;
				INFOPLIST_FILE = BuenPrecio/Info.plist;
				IPHONEOS_DEPLOYMENT_TARGET = 9.0;
				LD_RUNPATH_SEARCH_PATHS = "$(inherited) @executable_path/Frameworks";
				PRODUCT_BUNDLE_IDENTIFIER = com.buenprecio.ios;
				PRODUCT_NAME = "$(TARGET_NAME)";
				PROVISIONING_PROFILE = "815cc72a-bc81-48e3-b3cd-159d8988fd14";
				PROVISIONING_PROFILE_SPECIFIER = ignisdevprofile;
				SWIFT_VERSION = 3.0;
				TARGETED_DEVICE_FAMILY = 1;
			};
			name = Debug;
		};
		0DEF44621F35E4020072218D /* Release */ = {
			isa = XCBuildConfiguration;
			baseConfigurationReference = E62B638482DA59A25D23188B /* Pods-BuenPrecio.release.xcconfig */;
			buildSettings = {
				ASSETCATALOG_COMPILER_APPICON_NAME = AppIcon;
				ASSETCATALOG_COMPILER_LAUNCHIMAGE_NAME = LaunchImage;
				CODE_SIGN_IDENTITY = "iPhone Distribution: Ignis IT Solutions Private Limited (P428BUHYJR)";
				"CODE_SIGN_IDENTITY[sdk=iphoneos*]" = "iPhone Distribution: Ignis IT Solutions Private Limited (P428BUHYJR)";
				DEVELOPMENT_TEAM = P428BUHYJR;
				INFOPLIST_FILE = BuenPrecio/Info.plist;
				IPHONEOS_DEPLOYMENT_TARGET = 9.0;
				LD_RUNPATH_SEARCH_PATHS = "$(inherited) @executable_path/Frameworks";
				PRODUCT_BUNDLE_IDENTIFIER = com.buenprecio.ios;
				PRODUCT_NAME = "$(TARGET_NAME)";
				PROVISIONING_PROFILE = "0e68c24e-e25d-4407-a709-e7140d7465ef";
				PROVISIONING_PROFILE_SPECIFIER = IgnisAppStoreDis;
				SWIFT_VERSION = 3.0;
				TARGETED_DEVICE_FAMILY = 1;
			};
			name = Release;
		};
/* End XCBuildConfiguration section */

/* Begin XCConfigurationList section */
		0DEF44491F35E4000072218D /* Build configuration list for PBXProject "BuenPrecio" */ = {
			isa = XCConfigurationList;
			buildConfigurations = (
				0DEF445E1F35E4020072218D /* Debug */,
				0DEF445F1F35E4020072218D /* Release */,
			);
			defaultConfigurationIsVisible = 0;
			defaultConfigurationName = Release;
		};
		0DEF44601F35E4020072218D /* Build configuration list for PBXNativeTarget "BuenPrecio" */ = {
			isa = XCConfigurationList;
			buildConfigurations = (
				0DEF44611F35E4020072218D /* Debug */,
				0DEF44621F35E4020072218D /* Release */,
			);
			defaultConfigurationIsVisible = 0;
			defaultConfigurationName = Release;
		};
/* End XCConfigurationList section */
	};
	rootObject = 0DEF44461F35E4000072218D /* Project object */;
}
